<?xml version="1.0" encoding="utf-8"?>
<Project ToolsVersion="4.0" xmlns="http://schemas.microsoft.com/developer/msbuild/2003">
  <ItemGroup>
    <Filter Include="Source Files">
      <UniqueIdentifier>{4FC737F1-C7A5-4376-A066-2A32D752A2FF}</UniqueIdentifier>
      <Extensions>cpp;c;cc;cxx;c++;def;odl;idl;hpj;bat;asm;asmx</Extensions>
    </Filter>
    <Filter Include="Resource Files">
      <UniqueIdentifier>{67DA6AB6-F800-4c08-8B7A-83BB121AAD01}</UniqueIdentifier>
      <Extensions>rc;ico;cur;bmp;dlg;rc2;rct;bin;rgs;gif;jpg;jpeg;jpe;resx;tiff;tif;png;wav;mfcribbon-ms</Extensions>
    </Filter>
    <Filter Include="External">
      <UniqueIdentifier>{5eeddaa0-25c6-4fd1-b81a-d3cf59590473}</UniqueIdentifier>
    </Filter>
    <Filter Include="Shaders">
      <UniqueIdentifier>{0e83dc40-bbb6-42ee-b29e-6e7ae0add0dd}</UniqueIdentifier>
    </Filter>
    <Filter Include="Shaders\Default">
      <UniqueIdentifier>{0f3268bb-f44a-4b17-82ef-a21cdccda8b1}</UniqueIdentifier>
    </Filter>
    <Filter Include="Source Files\Models">
      <UniqueIdentifier>{ee670633-6fe3-4a53-aa69-4ef68560b784}</UniqueIdentifier>
    </Filter>
    <Filter Include="Source Files\Lights">
      <UniqueIdentifier>{db520c7e-43d7-4db8-9825-fedf1a7d622a}</UniqueIdentifier>
    </Filter>
    <Filter Include="Shaders\Skybox">
      <UniqueIdentifier>{3d4f4beb-061b-4e38-94d7-79617a1fb21b}</UniqueIdentifier>
    </Filter>
  </ItemGroup>
  <ItemGroup>
    <None Include="Header.hlsli">
      <Filter>Shaders\Default</Filter>
    </None>
    <None Include="SkyboxHeader.hlsli">
      <Filter>Shaders\Skybox</Filter>
    </None>
  </ItemGroup>
  <ItemGroup>
    <FxCompile Include="PixelShader.hlsl">
      <Filter>Shaders\Default</Filter>
    </FxCompile>
    <FxCompile Include="VertexShader.hlsl">
      <Filter>Shaders\Default</Filter>
    </FxCompile>
    <FxCompile Include="SkyboxVertexShader.hlsl">
      <Filter>Shaders\Skybox</Filter>
    </FxCompile>
    <FxCompile Include="SkyboxPixelShader.hlsl">
      <Filter>Shaders\Skybox</Filter>
    </FxCompile>
  </ItemGroup>
  <ItemGroup>
    <ClCompile Include="Camera.cpp">
      <Filter>Source Files</Filter>
    </ClCompile>
    <ClCompile Include="GeometryGenerator.cpp">
      <Filter>Source Files</Filter>
    </ClCompile>
    <ClCompile Include="main.cpp">
      <Filter>Source Files</Filter>
    </ClCompile>
    <ClCompile Include="Renderer.cpp">
      <Filter>Source Files</Filter>
    </ClCompile>
    <ClCompile Include="Shader.cpp">
      <Filter>Source Files</Filter>
    </ClCompile>
    <ClCompile Include="DDSTextureLoader.cpp">
      <Filter>External</Filter>
    </ClCompile>
    <ClCompile Include="DirectionalLightSource.cpp">
      <Filter>Source Files\Lights</Filter>
    </ClCompile>
    <ClCompile Include="PointLightSource.cpp">
      <Filter>Source Files\Lights</Filter>
    </ClCompile>
    <ClCompile Include="Crate.cpp">
      <Filter>Source Files\Models</Filter>
    </ClCompile>
    <ClCompile Include="Floor.cpp">
      <Filter>Source Files\Models</Filter>
    </ClCompile>
    <ClCompile Include="Pillar.cpp">
      <Filter>Source Files\Models</Filter>
    </ClCompile>
    <ClCompile Include="Skybox.cpp">
      <Filter>Source Files</Filter>
    </ClCompile>
    <ClCompile Include="SkyboxShader.cpp">
      <Filter>Source Files</Filter>
    </ClCompile>
  </ItemGroup>
  <ItemGroup>
    <ClInclude Include="Camera.h">
      <Filter>Source Files</Filter>
    </ClInclude>
    <ClInclude Include="GeometryGenerator.h">
      <Filter>Source Files</Filter>
    </ClInclude>
    <ClInclude Include="Mesh.h">
      <Filter>Source Files</Filter>
    </ClInclude>
    <ClInclude Include="Renderer.h">
      <Filter>Source Files</Filter>
    </ClInclude>
    <ClInclude Include="Shader.h">
      <Filter>Source Files</Filter>
    </ClInclude>
    <ClInclude Include="ShaderData.h">
      <Filter>Source Files</Filter>
    </ClInclude>
    <ClInclude Include="DDSTextureLoader.h">
      <Filter>External</Filter>
    </ClInclude>
    <ClInclude Include="DirectionalLightSource.h">
      <Filter>Source Files\Lights</Filter>
    </ClInclude>
    <ClInclude Include="PointLightSource.h">
      <Filter>Source Files\Lights</Filter>
    </ClInclude>
    <ClInclude Include="Crate.h">
      <Filter>Source Files\Models</Filter>
    </ClInclude>
    <ClInclude Include="Floor.h">
      <Filter>Source Files\Models</Filter>
    </ClInclude>
    <ClInclude Include="Pillar.h">
      <Filter>Source Files\Models</Filter>
    </ClInclude>
    <ClInclude Include="Skybox.h">
      <Filter>Source Files</Filter>
    </ClInclude>
    <ClInclude Include="SkyboxShader.h">
      <Filter>Source Files</Filter>
    </ClInclude>
  </ItemGroup>
</Project>